PODS:
  - AFNetworking (4.0.1):
    - AFNetworking/NSURLSession (= 4.0.1)
    - AFNetworking/Reachability (= 4.0.1)
    - AFNetworking/Security (= 4.0.1)
    - AFNetworking/Serialization (= 4.0.1)
    - AFNetworking/UIKit (= 4.0.1)
  - AFNetworking/NSURLSession (4.0.1):
    - AFNetworking/Reachability
    - AFNetworking/Security
    - AFNetworking/Serialization
  - AFNetworking/Reachability (4.0.1)
  - AFNetworking/Security (4.0.1)
  - AFNetworking/Serialization (4.0.1)
  - AFNetworking/UIKit (4.0.1):
    - AFNetworking/NSURLSession
  - Bolts/Tasks (1.9.1)
  - GoogleMaps (3.10.0-beta1):
    - GoogleMaps/Maps (= 3.10.0-beta1)
  - GoogleMaps/Base (3.10.0-beta1)
  - GoogleMaps/Maps (3.10.0-beta1):
    - GoogleMaps/Base
  - Parse (1.18.0):
    - Parse/Core (= 1.18.0)
  - Parse/Core (1.18.0):
    - Bolts/Tasks (= 1.9.1)
  - Parse/UI (1.18.0):
    - Parse/Core

DEPENDENCIES:
  - AFNetworking
  - GoogleMaps (~> 3.10.0-beta)
  - Parse
  - Parse/UI

SPEC REPOS:
  trunk:
    - AFNetworking
    - Bolts
    - GoogleMaps
    - Parse

SPEC CHECKSUMS:
  AFNetworking: 7864c38297c79aaca1500c33288e429c3451fdce
  Bolts: 8c1e8aab2f603387b8b9924f57d1d64f43d3ffdc
  GoogleMaps: 17598f733b70288939758dad9bafd7dfeab3c1dc
  Parse: 79bdda34fdb7eb2a707a43a951c8aae236cb3e34

PODFILE CHECKSUM: 1ecf9778f875ff6df8ab39608e286286d9e866fc

COCOAPODS: 1.9.3
