// !$*UTF8*$!
{
	archiveVersion = 1;
	classes = {
	};
	objectVersion = 51;
	objects = {

/* Begin PBXBuildFile section */
		83179277317F3C324A695F67 /* Pods_DiscountDiscover.framework in Frameworks */ = {isa = PBXBuildFile; fileRef = 0A22BCCF83CE85DDC406631F /* Pods_DiscountDiscover.framework */; };
		9B45B6AF24D1C67200D24A4D /* UIViewController+Error.m in Sources */ = {isa = PBXBuildFile; fileRef = 9B45B6AE24D1C67200D24A4D /* UIViewController+Error.m */; };
		9B45B6B224D1D1BC00D24A4D /* User.m in Sources */ = {isa = PBXBuildFile; fileRef = 9B45B6B124D1D1BC00D24A4D /* User.m */; };
		9B7FF60C24BD129900204BC1 /* AppDelegate.m in Sources */ = {isa = PBXBuildFile; fileRef = 9B7FF60B24BD129900204BC1 /* AppDelegate.m */; };
		9B7FF60F24BD129900204BC1 /* SceneDelegate.m in Sources */ = {isa = PBXBuildFile; fileRef = 9B7FF60E24BD129900204BC1 /* SceneDelegate.m */; };
		9B7FF61524BD129900204BC1 /* Main.storyboard in Resources */ = {isa = PBXBuildFile; fileRef = 9B7FF61324BD129900204BC1 /* Main.storyboard */; };
		9B7FF61724BD129A00204BC1 /* Assets.xcassets in Resources */ = {isa = PBXBuildFile; fileRef = 9B7FF61624BD129A00204BC1 /* Assets.xcassets */; };
		9B7FF61A24BD129A00204BC1 /* LaunchScreen.storyboard in Resources */ = {isa = PBXBuildFile; fileRef = 9B7FF61824BD129A00204BC1 /* LaunchScreen.storyboard */; };
		9B7FF61D24BD129A00204BC1 /* main.m in Sources */ = {isa = PBXBuildFile; fileRef = 9B7FF61C24BD129A00204BC1 /* main.m */; };
		9B7FF62E24BD16DC00204BC1 /* DealsViewController.m in Sources */ = {isa = PBXBuildFile; fileRef = 9B7FF62D24BD16DC00204BC1 /* DealsViewController.m */; };
		9B7FF63124BD18B200204BC1 /* DealCell.m in Sources */ = {isa = PBXBuildFile; fileRef = 9B7FF63024BD18B200204BC1 /* DealCell.m */; };
		9B7FF63424BD18CA00204BC1 /* Deal.m in Sources */ = {isa = PBXBuildFile; fileRef = 9B7FF63324BD18CA00204BC1 /* Deal.m */; };
		9B7FF63724BD1AAF00204BC1 /* APIManager.m in Sources */ = {isa = PBXBuildFile; fileRef = 9B7FF63624BD1AAF00204BC1 /* APIManager.m */; };
		9B7FF63924BE6A2F00204BC1 /* APIKeys.plist in Resources */ = {isa = PBXBuildFile; fileRef = 9B7FF63824BE6A2E00204BC1 /* APIKeys.plist */; };
		9B7FF63C24BF59C800204BC1 /* MapViewController.m in Sources */ = {isa = PBXBuildFile; fileRef = 9B7FF63B24BF59C800204BC1 /* MapViewController.m */; };
		9BE0C9D424C7C3B800C92377 /* WebViewController.m in Sources */ = {isa = PBXBuildFile; fileRef = 9BE0C9D324C7C3B800C92377 /* WebViewController.m */; };
		9BE0C9D724CA4B2700C92377 /* SignUpViewController.m in Sources */ = {isa = PBXBuildFile; fileRef = 9BE0C9D624CA4B2700C92377 /* SignUpViewController.m */; };
		9BE7983424C11E5300715249 /* LoginViewController.m in Sources */ = {isa = PBXBuildFile; fileRef = 9BE7983324C11E5300715249 /* LoginViewController.m */; };
		9BE7983724C1210000715249 /* ProfileViewController.m in Sources */ = {isa = PBXBuildFile; fileRef = 9BE7983624C1210000715249 /* ProfileViewController.m */; };
		9BE7983A24C2589B00715249 /* DetailsViewController.m in Sources */ = {isa = PBXBuildFile; fileRef = 9BE7983924C2589B00715249 /* DetailsViewController.m */; };
/* End PBXBuildFile section */

/* Begin PBXFileReference section */
		0A22BCCF83CE85DDC406631F /* Pods_DiscountDiscover.framework */ = {isa = PBXFileReference; explicitFileType = wrapper.framework; includeInIndex = 0; path = Pods_DiscountDiscover.framework; sourceTree = BUILT_PRODUCTS_DIR; };
		381E150A9F801512FAF0D429 /* Pods-DiscountDiscover.release.xcconfig */ = {isa = PBXFileReference; includeInIndex = 1; lastKnownFileType = text.xcconfig; name = "Pods-DiscountDiscover.release.xcconfig"; path = "Target Support Files/Pods-DiscountDiscover/Pods-DiscountDiscover.release.xcconfig"; sourceTree = "<group>"; };
		4CDFA65310EE43BA0E0D84D5 /* Pods-DiscountDiscover.debug.xcconfig */ = {isa = PBXFileReference; includeInIndex = 1; lastKnownFileType = text.xcconfig; name = "Pods-DiscountDiscover.debug.xcconfig"; path = "Target Support Files/Pods-DiscountDiscover/Pods-DiscountDiscover.debug.xcconfig"; sourceTree = "<group>"; };
		9B45B6AD24D1C67200D24A4D /* UIViewController+Error.h */ = {isa = PBXFileReference; lastKnownFileType = sourcecode.c.h; path = "UIViewController+Error.h"; sourceTree = "<group>"; };
		9B45B6AE24D1C67200D24A4D /* UIViewController+Error.m */ = {isa = PBXFileReference; lastKnownFileType = sourcecode.c.objc; path = "UIViewController+Error.m"; sourceTree = "<group>"; };
		9B45B6B024D1D1BC00D24A4D /* User.h */ = {isa = PBXFileReference; lastKnownFileType = sourcecode.c.h; path = User.h; sourceTree = "<group>"; };
		9B45B6B124D1D1BC00D24A4D /* User.m */ = {isa = PBXFileReference; lastKnownFileType = sourcecode.c.objc; path = User.m; sourceTree = "<group>"; };
		9B7FF60724BD129900204BC1 /* DiscountDiscover.app */ = {isa = PBXFileReference; explicitFileType = wrapper.application; includeInIndex = 0; path = DiscountDiscover.app; sourceTree = BUILT_PRODUCTS_DIR; };
		9B7FF60A24BD129900204BC1 /* AppDelegate.h */ = {isa = PBXFileReference; lastKnownFileType = sourcecode.c.h; path = AppDelegate.h; sourceTree = "<group>"; };
		9B7FF60B24BD129900204BC1 /* AppDelegate.m */ = {isa = PBXFileReference; lastKnownFileType = sourcecode.c.objc; path = AppDelegate.m; sourceTree = "<group>"; };
		9B7FF60D24BD129900204BC1 /* SceneDelegate.h */ = {isa = PBXFileReference; lastKnownFileType = sourcecode.c.h; path = SceneDelegate.h; sourceTree = "<group>"; };
		9B7FF60E24BD129900204BC1 /* SceneDelegate.m */ = {isa = PBXFileReference; lastKnownFileType = sourcecode.c.objc; path = SceneDelegate.m; sourceTree = "<group>"; };
		9B7FF61424BD129900204BC1 /* Base */ = {isa = PBXFileReference; lastKnownFileType = file.storyboard; name = Base; path = Base.lproj/Main.storyboard; sourceTree = "<group>"; };
		9B7FF61624BD129A00204BC1 /* Assets.xcassets */ = {isa = PBXFileReference; lastKnownFileType = folder.assetcatalog; path = Assets.xcassets; sourceTree = "<group>"; };
		9B7FF61924BD129A00204BC1 /* Base */ = {isa = PBXFileReference; lastKnownFileType = file.storyboard; name = Base; path = Base.lproj/LaunchScreen.storyboard; sourceTree = "<group>"; };
		9B7FF61B24BD129A00204BC1 /* Info.plist */ = {isa = PBXFileReference; lastKnownFileType = text.plist.xml; path = Info.plist; sourceTree = "<group>"; };
		9B7FF61C24BD129A00204BC1 /* main.m */ = {isa = PBXFileReference; lastKnownFileType = sourcecode.c.objc; path = main.m; sourceTree = "<group>"; };
		9B7FF62C24BD16DC00204BC1 /* DealsViewController.h */ = {isa = PBXFileReference; lastKnownFileType = sourcecode.c.h; path = DealsViewController.h; sourceTree = "<group>"; };
		9B7FF62D24BD16DC00204BC1 /* DealsViewController.m */ = {isa = PBXFileReference; lastKnownFileType = sourcecode.c.objc; path = DealsViewController.m; sourceTree = "<group>"; };
		9B7FF62F24BD18B200204BC1 /* DealCell.h */ = {isa = PBXFileReference; lastKnownFileType = sourcecode.c.h; path = DealCell.h; sourceTree = "<group>"; };
		9B7FF63024BD18B200204BC1 /* DealCell.m */ = {isa = PBXFileReference; lastKnownFileType = sourcecode.c.objc; path = DealCell.m; sourceTree = "<group>"; };
		9B7FF63224BD18CA00204BC1 /* Deal.h */ = {isa = PBXFileReference; lastKnownFileType = sourcecode.c.h; path = Deal.h; sourceTree = "<group>"; };
		9B7FF63324BD18CA00204BC1 /* Deal.m */ = {isa = PBXFileReference; lastKnownFileType = sourcecode.c.objc; path = Deal.m; sourceTree = "<group>"; };
		9B7FF63524BD1AAF00204BC1 /* APIManager.h */ = {isa = PBXFileReference; lastKnownFileType = sourcecode.c.h; path = APIManager.h; sourceTree = "<group>"; };
		9B7FF63624BD1AAF00204BC1 /* APIManager.m */ = {isa = PBXFileReference; lastKnownFileType = sourcecode.c.objc; path = APIManager.m; sourceTree = "<group>"; };
		9B7FF63824BE6A2E00204BC1 /* APIKeys.plist */ = {isa = PBXFileReference; fileEncoding = 4; lastKnownFileType = text.plist.xml; path = APIKeys.plist; sourceTree = "<group>"; };
		9B7FF63A24BF59C800204BC1 /* MapViewController.h */ = {isa = PBXFileReference; lastKnownFileType = sourcecode.c.h; path = MapViewController.h; sourceTree = "<group>"; };
		9B7FF63B24BF59C800204BC1 /* MapViewController.m */ = {isa = PBXFileReference; lastKnownFileType = sourcecode.c.objc; path = MapViewController.m; sourceTree = "<group>"; };
		9BE0C9D224C7C3B800C92377 /* WebViewController.h */ = {isa = PBXFileReference; lastKnownFileType = sourcecode.c.h; path = WebViewController.h; sourceTree = "<group>"; };
		9BE0C9D324C7C3B800C92377 /* WebViewController.m */ = {isa = PBXFileReference; lastKnownFileType = sourcecode.c.objc; path = WebViewController.m; sourceTree = "<group>"; };
		9BE0C9D524CA4B2700C92377 /* SignUpViewController.h */ = {isa = PBXFileReference; lastKnownFileType = sourcecode.c.h; path = SignUpViewController.h; sourceTree = "<group>"; };
		9BE0C9D624CA4B2700C92377 /* SignUpViewController.m */ = {isa = PBXFileReference; lastKnownFileType = sourcecode.c.objc; path = SignUpViewController.m; sourceTree = "<group>"; };
		9BE7983224C11E5300715249 /* LoginViewController.h */ = {isa = PBXFileReference; lastKnownFileType = sourcecode.c.h; path = LoginViewController.h; sourceTree = "<group>"; };
		9BE7983324C11E5300715249 /* LoginViewController.m */ = {isa = PBXFileReference; lastKnownFileType = sourcecode.c.objc; path = LoginViewController.m; sourceTree = "<group>"; };
		9BE7983524C1210000715249 /* ProfileViewController.h */ = {isa = PBXFileReference; lastKnownFileType = sourcecode.c.h; path = ProfileViewController.h; sourceTree = "<group>"; };
		9BE7983624C1210000715249 /* ProfileViewController.m */ = {isa = PBXFileReference; lastKnownFileType = sourcecode.c.objc; path = ProfileViewController.m; sourceTree = "<group>"; };
		9BE7983824C2589B00715249 /* DetailsViewController.h */ = {isa = PBXFileReference; lastKnownFileType = sourcecode.c.h; path = DetailsViewController.h; sourceTree = "<group>"; };
		9BE7983924C2589B00715249 /* DetailsViewController.m */ = {isa = PBXFileReference; lastKnownFileType = sourcecode.c.objc; path = DetailsViewController.m; sourceTree = "<group>"; };
/* End PBXFileReference section */

/* Begin PBXFrameworksBuildPhase section */
		9B7FF60424BD129900204BC1 /* Frameworks */ = {
			isa = PBXFrameworksBuildPhase;
			buildActionMask = 2147483647;
			files = (
				83179277317F3C324A695F67 /* Pods_DiscountDiscover.framework in Frameworks */,
			);
			runOnlyForDeploymentPostprocessing = 0;
		};
/* End PBXFrameworksBuildPhase section */

/* Begin PBXGroup section */
		1A98483766ADB80CCD2D8484 /* Frameworks */ = {
			isa = PBXGroup;
			children = (
				0A22BCCF83CE85DDC406631F /* Pods_DiscountDiscover.framework */,
			);
			name = Frameworks;
			sourceTree = "<group>";
		};
		9B7FF5FE24BD129900204BC1 = {
			isa = PBXGroup;
			children = (
				9B7FF60924BD129900204BC1 /* DiscountDiscover */,
				9B7FF60824BD129900204BC1 /* Products */,
				C2E094C375649F66A4077CBC /* Pods */,
				1A98483766ADB80CCD2D8484 /* Frameworks */,
			);
			sourceTree = "<group>";
		};
		9B7FF60824BD129900204BC1 /* Products */ = {
			isa = PBXGroup;
			children = (
				9B7FF60724BD129900204BC1 /* DiscountDiscover.app */,
			);
			name = Products;
			sourceTree = "<group>";
		};
		9B7FF60924BD129900204BC1 /* DiscountDiscover */ = {
			isa = PBXGroup;
			children = (
				9B7FF60A24BD129900204BC1 /* AppDelegate.h */,
				9B7FF60B24BD129900204BC1 /* AppDelegate.m */,
				9B7FF60D24BD129900204BC1 /* SceneDelegate.h */,
				9B7FF60E24BD129900204BC1 /* SceneDelegate.m */,
				9B7FF62824BD14EA00204BC1 /* API */,
				9B7FF62324BD14BB00204BC1 /* Models */,
				9B7FF62624BD14D400204BC1 /* View Controllers */,
				9B7FF62524BD14D000204BC1 /* Views */,
				9B7FF61324BD129900204BC1 /* Main.storyboard */,
				9B7FF61624BD129A00204BC1 /* Assets.xcassets */,
				9B7FF61824BD129A00204BC1 /* LaunchScreen.storyboard */,
				9B7FF63824BE6A2E00204BC1 /* APIKeys.plist */,
				9B7FF61B24BD129A00204BC1 /* Info.plist */,
				9B7FF61C24BD129A00204BC1 /* main.m */,
			);
			path = DiscountDiscover;
			sourceTree = "<group>";
		};
		9B7FF62324BD14BB00204BC1 /* Models */ = {
			isa = PBXGroup;
			children = (
				9B7FF63224BD18CA00204BC1 /* Deal.h */,
				9B7FF63324BD18CA00204BC1 /* Deal.m */,
				9B45B6B024D1D1BC00D24A4D /* User.h */,
				9B45B6B124D1D1BC00D24A4D /* User.m */,
			);
			path = Models;
			sourceTree = "<group>";
		};
		9B7FF62524BD14D000204BC1 /* Views */ = {
			isa = PBXGroup;
			children = (
				9B7FF62F24BD18B200204BC1 /* DealCell.h */,
				9B7FF63024BD18B200204BC1 /* DealCell.m */,
			);
			path = Views;
			sourceTree = "<group>";
		};
		9B7FF62624BD14D400204BC1 /* View Controllers */ = {
			isa = PBXGroup;
			children = (
				9B7FF62C24BD16DC00204BC1 /* DealsViewController.h */,
				9B7FF62D24BD16DC00204BC1 /* DealsViewController.m */,
				9B7FF63A24BF59C800204BC1 /* MapViewController.h */,
				9B7FF63B24BF59C800204BC1 /* MapViewController.m */,
				9BE7983224C11E5300715249 /* LoginViewController.h */,
				9BE7983324C11E5300715249 /* LoginViewController.m */,
				9BE7983524C1210000715249 /* ProfileViewController.h */,
				9BE7983624C1210000715249 /* ProfileViewController.m */,
				9BE7983824C2589B00715249 /* DetailsViewController.h */,
				9BE7983924C2589B00715249 /* DetailsViewController.m */,
				9BE0C9D224C7C3B800C92377 /* WebViewController.h */,
				9BE0C9D324C7C3B800C92377 /* WebViewController.m */,
				9BE0C9D524CA4B2700C92377 /* SignUpViewController.h */,
				9BE0C9D624CA4B2700C92377 /* SignUpViewController.m */,
				9B45B6AD24D1C67200D24A4D /* UIViewController+Error.h */,
				9B45B6AE24D1C67200D24A4D /* UIViewController+Error.m */,
			);
			path = "View Controllers";
			sourceTree = "<group>";
		};
		9B7FF62824BD14EA00204BC1 /* API */ = {
			isa = PBXGroup;
			children = (
				9B7FF63524BD1AAF00204BC1 /* APIManager.h */,
				9B7FF63624BD1AAF00204BC1 /* APIManager.m */,
			);
			path = API;
			sourceTree = "<group>";
		};
		C2E094C375649F66A4077CBC /* Pods */ = {
			isa = PBXGroup;
			children = (
				4CDFA65310EE43BA0E0D84D5 /* Pods-DiscountDiscover.debug.xcconfig */,
				381E150A9F801512FAF0D429 /* Pods-DiscountDiscover.release.xcconfig */,
			);
			path = Pods;
			sourceTree = "<group>";
		};
/* End PBXGroup section */

/* Begin PBXNativeTarget section */
		9B7FF60624BD129900204BC1 /* DiscountDiscover */ = {
			isa = PBXNativeTarget;
			buildConfigurationList = 9B7FF62024BD129A00204BC1 /* Build configuration list for PBXNativeTarget "DiscountDiscover" */;
			buildPhases = (
				1C0224BF0D47419AEF4456F5 /* [CP] Check Pods Manifest.lock */,
				9B7FF60324BD129900204BC1 /* Sources */,
				9B7FF60424BD129900204BC1 /* Frameworks */,
				9B7FF60524BD129900204BC1 /* Resources */,
				CA0F74CCDAF8C75BE2B3C55D /* [CP] Embed Pods Frameworks */,
				25903694ABEB06CD7E31164B /* [CP] Copy Pods Resources */,
			);
			buildRules = (
			);
			dependencies = (
			);
			name = DiscountDiscover;
			productName = DiscountDiscover;
			productReference = 9B7FF60724BD129900204BC1 /* DiscountDiscover.app */;
			productType = "com.apple.product-type.application";
		};
/* End PBXNativeTarget section */

/* Begin PBXProject section */
		9B7FF5FF24BD129900204BC1 /* Project object */ = {
			isa = PBXProject;
			attributes = {
				LastUpgradeCheck = 1150;
				ORGANIZATIONNAME = "Kaitlyn Gunadhi";
				TargetAttributes = {
					9B7FF60624BD129900204BC1 = {
						CreatedOnToolsVersion = 11.5;
					};
				};
			};
			buildConfigurationList = 9B7FF60224BD129900204BC1 /* Build configuration list for PBXProject "DiscountDiscover" */;
			compatibilityVersion = "Xcode 9.3";
			developmentRegion = en;
			hasScannedForEncodings = 0;
			knownRegions = (
				en,
				Base,
			);
			mainGroup = 9B7FF5FE24BD129900204BC1;
			productRefGroup = 9B7FF60824BD129900204BC1 /* Products */;
			projectDirPath = "";
			projectRoot = "";
			targets = (
				9B7FF60624BD129900204BC1 /* DiscountDiscover */,
			);
		};
/* End PBXProject section */

/* Begin PBXResourcesBuildPhase section */
		9B7FF60524BD129900204BC1 /* Resources */ = {
			isa = PBXResourcesBuildPhase;
			buildActionMask = 2147483647;
			files = (
				9B7FF61A24BD129A00204BC1 /* LaunchScreen.storyboard in Resources */,
				9B7FF63924BE6A2F00204BC1 /* APIKeys.plist in Resources */,
				9B7FF61724BD129A00204BC1 /* Assets.xcassets in Resources */,
				9B7FF61524BD129900204BC1 /* Main.storyboard in Resources */,
			);
			runOnlyForDeploymentPostprocessing = 0;
		};
/* End PBXResourcesBuildPhase section */

/* Begin PBXShellScriptBuildPhase section */
		1C0224BF0D47419AEF4456F5 /* [CP] Check Pods Manifest.lock */ = {
			isa = PBXShellScriptBuildPhase;
			buildActionMask = 2147483647;
			files = (
			);
			inputFileListPaths = (
			);
			inputPaths = (
				"${PODS_PODFILE_DIR_PATH}/Podfile.lock",
				"${PODS_ROOT}/Manifest.lock",
			);
			name = "[CP] Check Pods Manifest.lock";
			outputFileListPaths = (
			);
			outputPaths = (
				"$(DERIVED_FILE_DIR)/Pods-DiscountDiscover-checkManifestLockResult.txt",
			);
			runOnlyForDeploymentPostprocessing = 0;
			shellPath = /bin/sh;
			shellScript = "diff \"${PODS_PODFILE_DIR_PATH}/Podfile.lock\" \"${PODS_ROOT}/Manifest.lock\" > /dev/null\nif [ $? != 0 ] ; then\n    # print error to STDERR\n    echo \"error: The sandbox is not in sync with the Podfile.lock. Run 'pod install' or update your CocoaPods installation.\" >&2\n    exit 1\nfi\n# This output is used by Xcode 'outputs' to avoid re-running this script phase.\necho \"SUCCESS\" > \"${SCRIPT_OUTPUT_FILE_0}\"\n";
			showEnvVarsInLog = 0;
		};
		25903694ABEB06CD7E31164B /* [CP] Copy Pods Resources */ = {
			isa = PBXShellScriptBuildPhase;
			buildActionMask = 2147483647;
			files = (
			);
			inputFileListPaths = (
				"${PODS_ROOT}/Target Support Files/Pods-DiscountDiscover/Pods-DiscountDiscover-resources-${CONFIGURATION}-input-files.xcfilelist",
			);
			name = "[CP] Copy Pods Resources";
			outputFileListPaths = (
				"${PODS_ROOT}/Target Support Files/Pods-DiscountDiscover/Pods-DiscountDiscover-resources-${CONFIGURATION}-output-files.xcfilelist",
			);
			runOnlyForDeploymentPostprocessing = 0;
			shellPath = /bin/sh;
			shellScript = "\"${PODS_ROOT}/Target Support Files/Pods-DiscountDiscover/Pods-DiscountDiscover-resources.sh\"\n";
			showEnvVarsInLog = 0;
		};
		CA0F74CCDAF8C75BE2B3C55D /* [CP] Embed Pods Frameworks */ = {
			isa = PBXShellScriptBuildPhase;
			buildActionMask = 2147483647;
			files = (
			);
			inputFileListPaths = (
				"${PODS_ROOT}/Target Support Files/Pods-DiscountDiscover/Pods-DiscountDiscover-frameworks-${CONFIGURATION}-input-files.xcfilelist",
			);
			name = "[CP] Embed Pods Frameworks";
			outputFileListPaths = (
				"${PODS_ROOT}/Target Support Files/Pods-DiscountDiscover/Pods-DiscountDiscover-frameworks-${CONFIGURATION}-output-files.xcfilelist",
			);
			runOnlyForDeploymentPostprocessing = 0;
			shellPath = /bin/sh;
			shellScript = "\"${PODS_ROOT}/Target Support Files/Pods-DiscountDiscover/Pods-DiscountDiscover-frameworks.sh\"\n";
			showEnvVarsInLog = 0;
		};
/* End PBXShellScriptBuildPhase section */

/* Begin PBXSourcesBuildPhase section */
		9B7FF60324BD129900204BC1 /* Sources */ = {
			isa = PBXSourcesBuildPhase;
			buildActionMask = 2147483647;
			files = (
				9B7FF62E24BD16DC00204BC1 /* DealsViewController.m in Sources */,
				9B45B6AF24D1C67200D24A4D /* UIViewController+Error.m in Sources */,
				9B7FF63424BD18CA00204BC1 /* Deal.m in Sources */,
				9BE7983A24C2589B00715249 /* DetailsViewController.m in Sources */,
				9B7FF60C24BD129900204BC1 /* AppDelegate.m in Sources */,
				9B45B6B224D1D1BC00D24A4D /* User.m in Sources */,
				9B7FF63C24BF59C800204BC1 /* MapViewController.m in Sources */,
				9BE7983724C1210000715249 /* ProfileViewController.m in Sources */,
				9B7FF63124BD18B200204BC1 /* DealCell.m in Sources */,
				9BE0C9D424C7C3B800C92377 /* WebViewController.m in Sources */,
				9BE7983424C11E5300715249 /* LoginViewController.m in Sources */,
				9B7FF63724BD1AAF00204BC1 /* APIManager.m in Sources */,
				9B7FF61D24BD129A00204BC1 /* main.m in Sources */,
				9BE0C9D724CA4B2700C92377 /* SignUpViewController.m in Sources */,
				9B7FF60F24BD129900204BC1 /* SceneDelegate.m in Sources */,
			);
			runOnlyForDeploymentPostprocessing = 0;
		};
/* End PBXSourcesBuildPhase section */

/* Begin PBXVariantGroup section */
		9B7FF61324BD129900204BC1 /* Main.storyboard */ = {
			isa = PBXVariantGroup;
			children = (
				9B7FF61424BD129900204BC1 /* Base */,
			);
			name = Main.storyboard;
			sourceTree = "<group>";
		};
		9B7FF61824BD129A00204BC1 /* LaunchScreen.storyboard */ = {
			isa = PBXVariantGroup;
			children = (
				9B7FF61924BD129A00204BC1 /* Base */,
			);
			name = LaunchScreen.storyboard;
			sourceTree = "<group>";
		};
/* End PBXVariantGroup section */

/* Begin XCBuildConfiguration section */
		9B7FF61E24BD129A00204BC1 /* Debug */ = {
			isa = XCBuildConfiguration;
			buildSettings = {
				ALWAYS_SEARCH_USER_PATHS = NO;
				CLANG_ANALYZER_NONNULL = YES;
				CLANG_ANALYZER_NUMBER_OBJECT_CONVERSION = YES_AGGRESSIVE;
				CLANG_CXX_LANGUAGE_STANDARD = "gnu++14";
				CLANG_CXX_LIBRARY = "libc++";
				CLANG_ENABLE_MODULES = YES;
				CLANG_ENABLE_OBJC_ARC = YES;
				CLANG_ENABLE_OBJC_WEAK = YES;
				CLANG_WARN_BLOCK_CAPTURE_AUTORELEASING = YES;
				CLANG_WARN_BOOL_CONVERSION = YES;
				CLANG_WARN_COMMA = YES;
				CLANG_WARN_CONSTANT_CONVERSION = YES;
				CLANG_WARN_DEPRECATED_OBJC_IMPLEMENTATIONS = YES;
				CLANG_WARN_DIRECT_OBJC_ISA_USAGE = YES_ERROR;
				CLANG_WARN_DOCUMENTATION_COMMENTS = YES;
				CLANG_WARN_EMPTY_BODY = YES;
				CLANG_WARN_ENUM_CONVERSION = YES;
				CLANG_WARN_INFINITE_RECURSION = YES;
				CLANG_WARN_INT_CONVERSION = YES;
				CLANG_WARN_NON_LITERAL_NULL_CONVERSION = YES;
				CLANG_WARN_OBJC_IMPLICIT_RETAIN_SELF = YES;
				CLANG_WARN_OBJC_LITERAL_CONVERSION = YES;
				CLANG_WARN_OBJC_ROOT_CLASS = YES_ERROR;
				CLANG_WARN_RANGE_LOOP_ANALYSIS = YES;
				CLANG_WARN_STRICT_PROTOTYPES = YES;
				CLANG_WARN_SUSPICIOUS_MOVE = YES;
				CLANG_WARN_UNGUARDED_AVAILABILITY = YES_AGGRESSIVE;
				CLANG_WARN_UNREACHABLE_CODE = YES;
				CLANG_WARN__DUPLICATE_METHOD_MATCH = YES;
				COPY_PHASE_STRIP = NO;
				DEBUG_INFORMATION_FORMAT = dwarf;
				ENABLE_STRICT_OBJC_MSGSEND = YES;
				ENABLE_TESTABILITY = YES;
				GCC_C_LANGUAGE_STANDARD = gnu11;
				GCC_DYNAMIC_NO_PIC = NO;
				GCC_NO_COMMON_BLOCKS = YES;
				GCC_OPTIMIZATION_LEVEL = 0;
				GCC_PREPROCESSOR_DEFINITIONS = (
					"DEBUG=1",
					"$(inherited)",
				);
				GCC_WARN_64_TO_32_BIT_CONVERSION = YES;
				GCC_WARN_ABOUT_RETURN_TYPE = YES_ERROR;
				GCC_WARN_UNDECLARED_SELECTOR = YES;
				GCC_WARN_UNINITIALIZED_AUTOS = YES_AGGRESSIVE;
				GCC_WARN_UNUSED_FUNCTION = YES;
				GCC_WARN_UNUSED_VARIABLE = YES;
				IPHONEOS_DEPLOYMENT_TARGET = 13.5;
				MTL_ENABLE_DEBUG_INFO = INCLUDE_SOURCE;
				MTL_FAST_MATH = YES;
				ONLY_ACTIVE_ARCH = YES;
				SDKROOT = iphoneos;
			};
			name = Debug;
		};
		9B7FF61F24BD129A00204BC1 /* Release */ = {
			isa = XCBuildConfiguration;
			buildSettings = {
				ALWAYS_SEARCH_USER_PATHS = NO;
				CLANG_ANALYZER_NONNULL = YES;
				CLANG_ANALYZER_NUMBER_OBJECT_CONVERSION = YES_AGGRESSIVE;
				CLANG_CXX_LANGUAGE_STANDARD = "gnu++14";
				CLANG_CXX_LIBRARY = "libc++";
				CLANG_ENABLE_MODULES = YES;
				CLANG_ENABLE_OBJC_ARC = YES;
				CLANG_ENABLE_OBJC_WEAK = YES;
				CLANG_WARN_BLOCK_CAPTURE_AUTORELEASING = YES;
				CLANG_WARN_BOOL_CONVERSION = YES;
				CLANG_WARN_COMMA = YES;
				CLANG_WARN_CONSTANT_CONVERSION = YES;
				CLANG_WARN_DEPRECATED_OBJC_IMPLEMENTATIONS = YES;
				CLANG_WARN_DIRECT_OBJC_ISA_USAGE = YES_ERROR;
				CLANG_WARN_DOCUMENTATION_COMMENTS = YES;
				CLANG_WARN_EMPTY_BODY = YES;
				CLANG_WARN_ENUM_CONVERSION = YES;
				CLANG_WARN_INFINITE_RECURSION = YES;
				CLANG_WARN_INT_CONVERSION = YES;
				CLANG_WARN_NON_LITERAL_NULL_CONVERSION = YES;
				CLANG_WARN_OBJC_IMPLICIT_RETAIN_SELF = YES;
				CLANG_WARN_OBJC_LITERAL_CONVERSION = YES;
				CLANG_WARN_OBJC_ROOT_CLASS = YES_ERROR;
				CLANG_WARN_RANGE_LOOP_ANALYSIS = YES;
				CLANG_WARN_STRICT_PROTOTYPES = YES;
				CLANG_WARN_SUSPICIOUS_MOVE = YES;
				CLANG_WARN_UNGUARDED_AVAILABILITY = YES_AGGRESSIVE;
				CLANG_WARN_UNREACHABLE_CODE = YES;
				CLANG_WARN__DUPLICATE_METHOD_MATCH = YES;
				COPY_PHASE_STRIP = NO;
				DEBUG_INFORMATION_FORMAT = "dwarf-with-dsym";
				ENABLE_NS_ASSERTIONS = NO;
				ENABLE_STRICT_OBJC_MSGSEND = YES;
				GCC_C_LANGUAGE_STANDARD = gnu11;
				GCC_NO_COMMON_BLOCKS = YES;
				GCC_WARN_64_TO_32_BIT_CONVERSION = YES;
				GCC_WARN_ABOUT_RETURN_TYPE = YES_ERROR;
				GCC_WARN_UNDECLARED_SELECTOR = YES;
				GCC_WARN_UNINITIALIZED_AUTOS = YES_AGGRESSIVE;
				GCC_WARN_UNUSED_FUNCTION = YES;
				GCC_WARN_UNUSED_VARIABLE = YES;
				IPHONEOS_DEPLOYMENT_TARGET = 13.5;
				MTL_ENABLE_DEBUG_INFO = NO;
				MTL_FAST_MATH = YES;
				SDKROOT = iphoneos;
				VALIDATE_PRODUCT = YES;
			};
			name = Release;
		};
		9B7FF62124BD129A00204BC1 /* Debug */ = {
			isa = XCBuildConfiguration;
			baseConfigurationReference = 4CDFA65310EE43BA0E0D84D5 /* Pods-DiscountDiscover.debug.xcconfig */;
			buildSettings = {
				ASSETCATALOG_COMPILER_APPICON_NAME = AppIcon;
				CODE_SIGN_STYLE = Automatic;
				DEVELOPMENT_TEAM = N35H8KJ48M;
				INFOPLIST_FILE = DiscountDiscover/Info.plist;
				LD_RUNPATH_SEARCH_PATHS = (
					"$(inherited)",
					"@executable_path/Frameworks",
				);
				PRODUCT_BUNDLE_IDENTIFIER = com.kgunadhi.DiscountDiscover;
				PRODUCT_NAME = "$(TARGET_NAME)";
				TARGETED_DEVICE_FAMILY = "1,2";
			};
			name = Debug;
		};
		9B7FF62224BD129A00204BC1 /* Release */ = {
			isa = XCBuildConfiguration;
			baseConfigurationReference = 381E150A9F801512FAF0D429 /* Pods-DiscountDiscover.release.xcconfig */;
			buildSettings = {
				ASSETCATALOG_COMPILER_APPICON_NAME = AppIcon;
				CODE_SIGN_STYLE = Automatic;
				DEVELOPMENT_TEAM = N35H8KJ48M;
				INFOPLIST_FILE = DiscountDiscover/Info.plist;
				LD_RUNPATH_SEARCH_PATHS = (
					"$(inherited)",
					"@executable_path/Frameworks",
				);
				PRODUCT_BUNDLE_IDENTIFIER = com.kgunadhi.DiscountDiscover;
				PRODUCT_NAME = "$(TARGET_NAME)";
				TARGETED_DEVICE_FAMILY = "1,2";
			};
			name = Release;
		};
/* End XCBuildConfiguration section */

/* Begin XCConfigurationList section */
		9B7FF60224BD129900204BC1 /* Build configuration list for PBXProject "DiscountDiscover" */ = {
			isa = XCConfigurationList;
			buildConfigurations = (
				9B7FF61E24BD129A00204BC1 /* Debug */,
				9B7FF61F24BD129A00204BC1 /* Release */,
			);
			defaultConfigurationIsVisible = 0;
			defaultConfigurationName = Release;
		};
		9B7FF62024BD129A00204BC1 /* Build configuration list for PBXNativeTarget "DiscountDiscover" */ = {
			isa = XCConfigurationList;
			buildConfigurations = (
				9B7FF62124BD129A00204BC1 /* Debug */,
				9B7FF62224BD129A00204BC1 /* Release */,
			);
			defaultConfigurationIsVisible = 0;
			defaultConfigurationName = Release;
		};
/* End XCConfigurationList section */
	};
	rootObject = 9B7FF5FF24BD129900204BC1 /* Project object */;
}
